
Microsoft Visual Studio Solution File, Format Version 12.00
# Visual Studio 2013
VisualStudioVersion = 12.0.31101.0
MinimumVisualStudioVersion = 10.0.40219.1
Project("{FAE04EC0-301F-11D3-BF4B-00C04F79EFBC}") = "TSG_App1", "TSG_App1\TSG_App1.csproj", "{E841E39C-0B42-48D2-AD28-90B5D5F45627}"
EndProject
Global
	GlobalSection(SolutionConfigurationPlatforms) = preSolution
		Debug|Any CPU = Debug|Any CPU
		Release|Any CPU = Release|Any CPU
	EndGlobalSection
	GlobalSection(ProjectConfigurationPlatforms) = postSolution
		{E841E39C-0B42-48D2-AD28-90B5D5F45627}.Debug|Any CPU.ActiveCfg = Debug|Any CPU
		{E841E39C-0B42-48D2-AD28-90B5D5F45627}.Debug|Any CPU.Build.0 = Debug|Any CPU
		{E841E39C-0B42-48D2-AD28-90B5D5F45627}.Release|Any CPU.ActiveCfg = Release|Any CPU
		{E841E39C-0B42-48D2-AD28-90B5D5F45627}.Release|Any CPU.Build.0 = Release|Any CPU
	EndGlobalSection
	GlobalSection(SolutionProperties) = preSolution
		HideSolutionNode = FALSE
	EndGlobalSection
EndGlobal
